
Microsoft Visual Studio Solution File, Format Version 12.00
# Visual Studio 15
VisualStudioVersion = 15.0.28307.757
MinimumVisualStudioVersion = 10.0.40219.1
Project("{FAE04EC0-301F-11D3-BF4B-00C04F79EFBC}") = "WindowsFormsCRUD_EF", "WindowsFormsCRUD_EF\WindowsFormsCRUD_EF.csproj", "{4C169198-B4C5-4A10-B204-AE2EED62562A}"
EndProject
Global
	GlobalSection(SolutionConfigurationPlatforms) = preSolution
		Debug|Any CPU = Debug|Any CPU
		Release|Any CPU = Release|Any CPU
	EndGlobalSection
	GlobalSection(ProjectConfigurationPlatforms) = postSolution
		{4C169198-B4C5-4A10-B204-AE2EED62562A}.Debug|Any CPU.ActiveCfg = Debug|Any CPU
		{4C169198-B4C5-4A10-B204-AE2EED62562A}.Debug|Any CPU.Build.0 = Debug|Any CPU
		{4C169198-B4C5-4A10-B204-AE2EED62562A}.Release|Any CPU.ActiveCfg = Release|Any CPU
		{4C169198-B4C5-4A10-B204-AE2EED62562A}.Release|Any CPU.Build.0 = Release|Any CPU
	EndGlobalSection
	GlobalSection(SolutionProperties) = preSolution
		HideSolutionNode = FALSE
	EndGlobalSection
	GlobalSection(ExtensibilityGlobals) = postSolution
		SolutionGuid = {C22E8A99-CDF4-4EDE-BB73-94F3A9D0D7E6}
	EndGlobalSection
EndGlobal
